
Microsoft Visual Studio Solution File, Format Version 12.00
# Visual Studio Version 16
VisualStudioVersion = 16.0.30804.86
MinimumVisualStudioVersion = 10.0.40219.1
Project("{FAE04EC0-301F-11D3-BF4B-00C04F79EFBC}") = "SalesMVC", "SalesMVC\SalesMVC.csproj", "{D6301E73-78CB-4C95-807E-7D03154CBBB4}"
EndProject
Global
	GlobalSection(SolutionConfigurationPlatforms) = preSolution
		Debug|Any CPU = Debug|Any CPU
		Release|Any CPU = Release|Any CPU
	EndGlobalSection
	GlobalSection(ProjectConfigurationPlatforms) = postSolution
		{D6301E73-78CB-4C95-807E-7D03154CBBB4}.Debug|Any CPU.ActiveCfg = Debug|Any CPU
		{D6301E73-78CB-4C95-807E-7D03154CBBB4}.Debug|Any CPU.Build.0 = Debug|Any CPU
		{D6301E73-78CB-4C95-807E-7D03154CBBB4}.Release|Any CPU.ActiveCfg = Release|Any CPU
		{D6301E73-78CB-4C95-807E-7D03154CBBB4}.Release|Any CPU.Build.0 = Release|Any CPU
	EndGlobalSection
	GlobalSection(SolutionProperties) = preSolution
		HideSolutionNode = FALSE
	EndGlobalSection
	GlobalSection(ExtensibilityGlobals) = postSolution
		SolutionGuid = {410051CE-3AA2-4BF0-B374-9BA8A61B36F0}
	EndGlobalSection
EndGlobal
